
Microsoft Visual Studio Solution File, Format Version 12.00
# Visual Studio Version 17
VisualStudioVersion = 17.0.31903.59
MinimumVisualStudioVersion = 10.0.40219.1
Project("{2150E333-8FDC-42A3-9474-1A3956D46DE8}") = "src", "src", "{8A997927-3D29-4B5C-B2AE-C11FD7409FD2}"
EndProject
Project("{2150E333-8FDC-42A3-9474-1A3956D46DE8}") = "Services", "Services", "{DF500F3F-3722-4BE9-9E6F-2623775C56A5}"
EndProject
Project("{2150E333-8FDC-42A3-9474-1A3956D46DE8}") = "Building Blocks", "Building Blocks", "{AF18E1F9-8C19-4A8B-8F1B-5AA3B92FC8AA}"
EndProject
Project("{2150E333-8FDC-42A3-9474-1A3956D46DE8}") = "Services", "Services", "{91DC03C2-3C21-4FD3-A524-3769D457F234}"
EndProject
Project("{9A19103F-16F7-4668-BE54-9A1E7A4F7556}") = "NewNexum.WebApi.Core", "src\Building Blocks\Services\NewNexum.WebApi.Core\NewNexum.WebApi.Core.csproj", "{09FFA908-DD5C-46C0-981D-A522C071A176}"
EndProject
Project("{2150E333-8FDC-42A3-9474-1A3956D46DE8}") = "Profile", "Profile", "{B417EA0E-0366-41A7-9FEF-5D56C157BC54}"
EndProject
Project("{9A19103F-16F7-4668-BE54-9A1E7A4F7556}") = "NewNexum.Profile.Api", "src\Services\Profile\NewNexum.Profile.Api\NewNexum.Profile.Api.csproj", "{6230986D-03F1-4722-9AC8-79D4080B3E23}"
EndProject
Project("{9A19103F-16F7-4668-BE54-9A1E7A4F7556}") = "NewNexum.Profile.Domain", "src\Services\Profile\NewNexum.Profile.Domain\NewNexum.Profile.Domain.csproj", "{01C045DB-9573-4589-85EF-5B5F403FCFE4}"
EndProject
Project("{2150E333-8FDC-42A3-9474-1A3956D46DE8}") = "tests", "tests", "{5B120ADC-73B5-4976-8CC4-BF58F8EEC7B9}"
EndProject
Project("{2150E333-8FDC-42A3-9474-1A3956D46DE8}") = "Services", "Services", "{BFA77218-97FA-4CC4-8B3C-EAA584D69269}"
EndProject
Project("{2150E333-8FDC-42A3-9474-1A3956D46DE8}") = "Profile", "Profile", "{6EEA9409-80E7-42DC-8658-B2A538EBE1CF}"
EndProject
Project("{9A19103F-16F7-4668-BE54-9A1E7A4F7556}") = "NewNexum.Profile.Domain.Tests", "tests\Services\Profile\NewNexum.Profile.Domain.Tests\NewNexum.Profile.Domain.Tests.csproj", "{F539A740-028C-4D3F-ADCA-568EDAFF8812}"
EndProject
Project("{2150E333-8FDC-42A3-9474-1A3956D46DE8}") = "Core", "Core", "{E1F58D56-99F1-479F-81CC-9D28C0A1527C}"
EndProject
Project("{9A19103F-16F7-4668-BE54-9A1E7A4F7556}") = "NewNexum.Core", "src\Building Blocks\Core\NewNexum.Core\NewNexum.Core.csproj", "{97EC727E-1055-41E0-8EC7-9F66709B5FC3}"
EndProject
Project("{2150E333-8FDC-42A3-9474-1A3956D46DE8}") = "Building Blocks", "Building Blocks", "{46287BC6-ADFA-4075-8BBE-07EF82C9BF3D}"
EndProject
Project("{2150E333-8FDC-42A3-9474-1A3956D46DE8}") = "Core", "Core", "{77334261-60C5-4B11-93D0-15A991C1DA8F}"
EndProject
Project("{9A19103F-16F7-4668-BE54-9A1E7A4F7556}") = "NewNexum.Core.Tests", "tests\Building Blocks\Core\NewNexum.Core.Tests\NewNexum.Core.Tests.csproj", "{ED5E7A41-61E9-4548-817C-0EE5849DE2DE}"
EndProject
Project("{9A19103F-16F7-4668-BE54-9A1E7A4F7556}") = "NewNexum.Profile.Application", "src\Services\Profile\NewNexum.Profile.Application\NewNexum.Profile.Application.csproj", "{48C23D95-DAAF-4B34-99A8-CFC5E557C89B}"
EndProject
Project("{9A19103F-16F7-4668-BE54-9A1E7A4F7556}") = "NewNexum.Profile.Persistence", "src\Services\Profile\NewNexum.Profile.Persistence\NewNexum.Profile.Persistence.csproj", "{BC6AD539-3B0B-4A29-BCA4-DF131ECDC2C4}"
EndProject
Project("{2150E333-8FDC-42A3-9474-1A3956D46DE8}") = "Infrastructure", "Infrastructure", "{78D6A6BB-2B41-4F79-B759-3B70527F7839}"
EndProject
Project("{9A19103F-16F7-4668-BE54-9A1E7A4F7556}") = "NewNexum.Infra.Database", "src\Infrastructure\NewNexum.Infra.Database\NewNexum.Infra.Database.csproj", "{C8408805-BC18-4C84-AC41-B4E630BDC1E7}"
EndProject
Global
	GlobalSection(SolutionConfigurationPlatforms) = preSolution
		Debug|Any CPU = Debug|Any CPU
		Release|Any CPU = Release|Any CPU
	EndGlobalSection
	GlobalSection(ProjectConfigurationPlatforms) = postSolution
		{09FFA908-DD5C-46C0-981D-A522C071A176}.Debug|Any CPU.ActiveCfg = Debug|Any CPU
		{09FFA908-DD5C-46C0-981D-A522C071A176}.Debug|Any CPU.Build.0 = Debug|Any CPU
		{09FFA908-DD5C-46C0-981D-A522C071A176}.Release|Any CPU.ActiveCfg = Release|Any CPU
		{09FFA908-DD5C-46C0-981D-A522C071A176}.Release|Any CPU.Build.0 = Release|Any CPU
		{6230986D-03F1-4722-9AC8-79D4080B3E23}.Debug|Any CPU.ActiveCfg = Debug|Any CPU
		{6230986D-03F1-4722-9AC8-79D4080B3E23}.Debug|Any CPU.Build.0 = Debug|Any CPU
		{6230986D-03F1-4722-9AC8-79D4080B3E23}.Release|Any CPU.ActiveCfg = Release|Any CPU
		{6230986D-03F1-4722-9AC8-79D4080B3E23}.Release|Any CPU.Build.0 = Release|Any CPU
		{01C045DB-9573-4589-85EF-5B5F403FCFE4}.Debug|Any CPU.ActiveCfg = Debug|Any CPU
		{01C045DB-9573-4589-85EF-5B5F403FCFE4}.Debug|Any CPU.Build.0 = Debug|Any CPU
		{01C045DB-9573-4589-85EF-5B5F403FCFE4}.Release|Any CPU.ActiveCfg = Release|Any CPU
		{01C045DB-9573-4589-85EF-5B5F403FCFE4}.Release|Any CPU.Build.0 = Release|Any CPU
		{F539A740-028C-4D3F-ADCA-568EDAFF8812}.Debug|Any CPU.ActiveCfg = Debug|Any CPU
		{F539A740-028C-4D3F-ADCA-568EDAFF8812}.Debug|Any CPU.Build.0 = Debug|Any CPU
		{F539A740-028C-4D3F-ADCA-568EDAFF8812}.Release|Any CPU.ActiveCfg = Release|Any CPU
		{F539A740-028C-4D3F-ADCA-568EDAFF8812}.Release|Any CPU.Build.0 = Release|Any CPU
		{97EC727E-1055-41E0-8EC7-9F66709B5FC3}.Debug|Any CPU.ActiveCfg = Debug|Any CPU
		{97EC727E-1055-41E0-8EC7-9F66709B5FC3}.Debug|Any CPU.Build.0 = Debug|Any CPU
		{97EC727E-1055-41E0-8EC7-9F66709B5FC3}.Release|Any CPU.ActiveCfg = Release|Any CPU
		{97EC727E-1055-41E0-8EC7-9F66709B5FC3}.Release|Any CPU.Build.0 = Release|Any CPU
		{ED5E7A41-61E9-4548-817C-0EE5849DE2DE}.Debug|Any CPU.ActiveCfg = Debug|Any CPU
		{ED5E7A41-61E9-4548-817C-0EE5849DE2DE}.Debug|Any CPU.Build.0 = Debug|Any CPU
		{ED5E7A41-61E9-4548-817C-0EE5849DE2DE}.Release|Any CPU.ActiveCfg = Release|Any CPU
		{ED5E7A41-61E9-4548-817C-0EE5849DE2DE}.Release|Any CPU.Build.0 = Release|Any CPU
		{48C23D95-DAAF-4B34-99A8-CFC5E557C89B}.Debug|Any CPU.ActiveCfg = Debug|Any CPU
		{48C23D95-DAAF-4B34-99A8-CFC5E557C89B}.Debug|Any CPU.Build.0 = Debug|Any CPU
		{48C23D95-DAAF-4B34-99A8-CFC5E557C89B}.Release|Any CPU.ActiveCfg = Release|Any CPU
		{48C23D95-DAAF-4B34-99A8-CFC5E557C89B}.Release|Any CPU.Build.0 = Release|Any CPU
		{BC6AD539-3B0B-4A29-BCA4-DF131ECDC2C4}.Debug|Any CPU.ActiveCfg = Debug|Any CPU
		{BC6AD539-3B0B-4A29-BCA4-DF131ECDC2C4}.Debug|Any CPU.Build.0 = Debug|Any CPU
		{BC6AD539-3B0B-4A29-BCA4-DF131ECDC2C4}.Release|Any CPU.ActiveCfg = Release|Any CPU
		{BC6AD539-3B0B-4A29-BCA4-DF131ECDC2C4}.Release|Any CPU.Build.0 = Release|Any CPU
		{C8408805-BC18-4C84-AC41-B4E630BDC1E7}.Debug|Any CPU.ActiveCfg = Debug|Any CPU
		{C8408805-BC18-4C84-AC41-B4E630BDC1E7}.Debug|Any CPU.Build.0 = Debug|Any CPU
		{C8408805-BC18-4C84-AC41-B4E630BDC1E7}.Release|Any CPU.ActiveCfg = Release|Any CPU
		{C8408805-BC18-4C84-AC41-B4E630BDC1E7}.Release|Any CPU.Build.0 = Release|Any CPU
	EndGlobalSection
	GlobalSection(SolutionProperties) = preSolution
		HideSolutionNode = FALSE
	EndGlobalSection
	GlobalSection(NestedProjects) = preSolution
		{DF500F3F-3722-4BE9-9E6F-2623775C56A5} = {8A997927-3D29-4B5C-B2AE-C11FD7409FD2}
		{AF18E1F9-8C19-4A8B-8F1B-5AA3B92FC8AA} = {8A997927-3D29-4B5C-B2AE-C11FD7409FD2}
		{91DC03C2-3C21-4FD3-A524-3769D457F234} = {AF18E1F9-8C19-4A8B-8F1B-5AA3B92FC8AA}
		{09FFA908-DD5C-46C0-981D-A522C071A176} = {91DC03C2-3C21-4FD3-A524-3769D457F234}
		{B417EA0E-0366-41A7-9FEF-5D56C157BC54} = {DF500F3F-3722-4BE9-9E6F-2623775C56A5}
		{6230986D-03F1-4722-9AC8-79D4080B3E23} = {B417EA0E-0366-41A7-9FEF-5D56C157BC54}
		{01C045DB-9573-4589-85EF-5B5F403FCFE4} = {B417EA0E-0366-41A7-9FEF-5D56C157BC54}
		{BFA77218-97FA-4CC4-8B3C-EAA584D69269} = {5B120ADC-73B5-4976-8CC4-BF58F8EEC7B9}
		{6EEA9409-80E7-42DC-8658-B2A538EBE1CF} = {BFA77218-97FA-4CC4-8B3C-EAA584D69269}
		{F539A740-028C-4D3F-ADCA-568EDAFF8812} = {6EEA9409-80E7-42DC-8658-B2A538EBE1CF}
		{E1F58D56-99F1-479F-81CC-9D28C0A1527C} = {AF18E1F9-8C19-4A8B-8F1B-5AA3B92FC8AA}
		{97EC727E-1055-41E0-8EC7-9F66709B5FC3} = {E1F58D56-99F1-479F-81CC-9D28C0A1527C}
		{46287BC6-ADFA-4075-8BBE-07EF82C9BF3D} = {5B120ADC-73B5-4976-8CC4-BF58F8EEC7B9}
		{77334261-60C5-4B11-93D0-15A991C1DA8F} = {46287BC6-ADFA-4075-8BBE-07EF82C9BF3D}
		{ED5E7A41-61E9-4548-817C-0EE5849DE2DE} = {77334261-60C5-4B11-93D0-15A991C1DA8F}
		{48C23D95-DAAF-4B34-99A8-CFC5E557C89B} = {B417EA0E-0366-41A7-9FEF-5D56C157BC54}
		{BC6AD539-3B0B-4A29-BCA4-DF131ECDC2C4} = {B417EA0E-0366-41A7-9FEF-5D56C157BC54}
		{78D6A6BB-2B41-4F79-B759-3B70527F7839} = {8A997927-3D29-4B5C-B2AE-C11FD7409FD2}
		{C8408805-BC18-4C84-AC41-B4E630BDC1E7} = {78D6A6BB-2B41-4F79-B759-3B70527F7839}
	EndGlobalSection
	GlobalSection(ExtensibilityGlobals) = postSolution
		SolutionGuid = {019E8C9A-62B2-4EDD-AF40-804E23650CC0}
	EndGlobalSection
EndGlobal
